
Microsoft Visual Studio Solution File, Format Version 12.00
# Visual Studio Version 17
VisualStudioVersion = 17.12.35323.107
MinimumVisualStudioVersion = 10.0.40219.1
Project("{FAE04EC0-301F-11D3-BF4B-00C04F79EFBC}") = "WpfAppWithASP", "WpfAppWithASP\WpfAppWithASP.csproj", "{9B630463-D5F1-4A43-BF44-08BCE9133BF5}"
EndProject
Project("{FAE04EC0-301F-11D3-BF4B-00C04F79EFBC}") = "WebApplication2", "WebApplication2\WebApplication2.csproj", "{39380D85-D941-4D72-83F1-71BDC625DEBD}"
EndProject
Project("{FAE04EC0-301F-11D3-BF4B-00C04F79EFBC}") = "WpfApp1", "WpfApp1\WpfApp1.csproj", "{629EE977-FF06-4231-ABB4-84BF1279F754}"
EndProject
Global
	GlobalSection(SolutionConfigurationPlatforms) = preSolution
		Debug|Any CPU = Debug|Any CPU
		Release|Any CPU = Release|Any CPU
	EndGlobalSection
	GlobalSection(ProjectConfigurationPlatforms) = postSolution
		{9B630463-D5F1-4A43-BF44-08BCE9133BF5}.Debug|Any CPU.ActiveCfg = Debug|Any CPU
		{9B630463-D5F1-4A43-BF44-08BCE9133BF5}.Debug|Any CPU.Build.0 = Debug|Any CPU
		{9B630463-D5F1-4A43-BF44-08BCE9133BF5}.Release|Any CPU.ActiveCfg = Release|Any CPU
		{9B630463-D5F1-4A43-BF44-08BCE9133BF5}.Release|Any CPU.Build.0 = Release|Any CPU
		{39380D85-D941-4D72-83F1-71BDC625DEBD}.Debug|Any CPU.ActiveCfg = Debug|Any CPU
		{39380D85-D941-4D72-83F1-71BDC625DEBD}.Debug|Any CPU.Build.0 = Debug|Any CPU
		{39380D85-D941-4D72-83F1-71BDC625DEBD}.Release|Any CPU.ActiveCfg = Release|Any CPU
		{39380D85-D941-4D72-83F1-71BDC625DEBD}.Release|Any CPU.Build.0 = Release|Any CPU
		{629EE977-FF06-4231-ABB4-84BF1279F754}.Debug|Any CPU.ActiveCfg = Debug|Any CPU
		{629EE977-FF06-4231-ABB4-84BF1279F754}.Debug|Any CPU.Build.0 = Debug|Any CPU
		{629EE977-FF06-4231-ABB4-84BF1279F754}.Release|Any CPU.ActiveCfg = Release|Any CPU
		{629EE977-FF06-4231-ABB4-84BF1279F754}.Release|Any CPU.Build.0 = Release|Any CPU
	EndGlobalSection
	GlobalSection(SolutionProperties) = preSolution
		HideSolutionNode = FALSE
	EndGlobalSection
	GlobalSection(ExtensibilityGlobals) = postSolution
		SolutionGuid = {C9CE278D-E1D9-4BF8-9324-07DAE75725ED}
	EndGlobalSection
EndGlobal
