
Microsoft Visual Studio Solution File, Format Version 12.00
# Visual Studio Version 17
VisualStudioVersion = 17.11.35017.193
MinimumVisualStudioVersion = 10.0.40219.1
Project("{9A19103F-16F7-4668-BE54-9A1E7A4F7556}") = "PipelineTest", "PipelineTest\PipelineTest.csproj", "{01539E65-D822-47B4-B900-4E227325691B}"
EndProject
Project("{FAE04EC0-301F-11D3-BF4B-00C04F79EFBC}") = "Client", "Client\Client.csproj", "{A0A4470C-95F6-4527-BE33-74503CD11474}"
EndProject
Project("{FAE04EC0-301F-11D3-BF4B-00C04F79EFBC}") = "Server", "Server\Server.csproj", "{91E851B1-7B17-41F0-B36E-2C042357779C}"
EndProject
Global
	GlobalSection(SolutionConfigurationPlatforms) = preSolution
		Debug|Any CPU = Debug|Any CPU
		Release|Any CPU = Release|Any CPU
	EndGlobalSection
	GlobalSection(ProjectConfigurationPlatforms) = postSolution
		{01539E65-D822-47B4-B900-4E227325691B}.Debug|Any CPU.ActiveCfg = Debug|Any CPU
		{01539E65-D822-47B4-B900-4E227325691B}.Debug|Any CPU.Build.0 = Debug|Any CPU
		{01539E65-D822-47B4-B900-4E227325691B}.Release|Any CPU.ActiveCfg = Release|Any CPU
		{01539E65-D822-47B4-B900-4E227325691B}.Release|Any CPU.Build.0 = Release|Any CPU
		{A0A4470C-95F6-4527-BE33-74503CD11474}.Debug|Any CPU.ActiveCfg = Debug|Any CPU
		{A0A4470C-95F6-4527-BE33-74503CD11474}.Debug|Any CPU.Build.0 = Debug|Any CPU
		{A0A4470C-95F6-4527-BE33-74503CD11474}.Release|Any CPU.ActiveCfg = Release|Any CPU
		{A0A4470C-95F6-4527-BE33-74503CD11474}.Release|Any CPU.Build.0 = Release|Any CPU
		{91E851B1-7B17-41F0-B36E-2C042357779C}.Debug|Any CPU.ActiveCfg = Debug|Any CPU
		{91E851B1-7B17-41F0-B36E-2C042357779C}.Debug|Any CPU.Build.0 = Debug|Any CPU
		{91E851B1-7B17-41F0-B36E-2C042357779C}.Release|Any CPU.ActiveCfg = Release|Any CPU
		{91E851B1-7B17-41F0-B36E-2C042357779C}.Release|Any CPU.Build.0 = Release|Any CPU
	EndGlobalSection
	GlobalSection(SolutionProperties) = preSolution
		HideSolutionNode = FALSE
	EndGlobalSection
	GlobalSection(ExtensibilityGlobals) = postSolution
		SolutionGuid = {2A42CE59-FB81-4C2F-8D68-1ADD48084E68}
	EndGlobalSection
EndGlobal
