
Microsoft Visual Studio Solution File, Format Version 12.00
# Visual Studio Version 17
VisualStudioVersion = 17.11.34929.205
MinimumVisualStudioVersion = 10.0.40219.1
Project("{FAE04EC0-301F-11D3-BF4B-00C04F79EFBC}") = "WpfNET9", "WpfNET9\WpfNET9.csproj", "{B4A1001C-0BC7-46F8-9B0C-D1E3DB0F7A13}"
EndProject
Global
	GlobalSection(SolutionConfigurationPlatforms) = preSolution
		Debug|Any CPU = Debug|Any CPU
		Release|Any CPU = Release|Any CPU
	EndGlobalSection
	GlobalSection(ProjectConfigurationPlatforms) = postSolution
		{B4A1001C-0BC7-46F8-9B0C-D1E3DB0F7A13}.Debug|Any CPU.ActiveCfg = Debug|Any CPU
		{B4A1001C-0BC7-46F8-9B0C-D1E3DB0F7A13}.Debug|Any CPU.Build.0 = Debug|Any CPU
		{B4A1001C-0BC7-46F8-9B0C-D1E3DB0F7A13}.Release|Any CPU.ActiveCfg = Release|Any CPU
		{B4A1001C-0BC7-46F8-9B0C-D1E3DB0F7A13}.Release|Any CPU.Build.0 = Release|Any CPU
	EndGlobalSection
	GlobalSection(SolutionProperties) = preSolution
		HideSolutionNode = FALSE
	EndGlobalSection
	GlobalSection(ExtensibilityGlobals) = postSolution
		SolutionGuid = {5D430397-CC91-497D-8DBA-D42305E8D1D5}
	EndGlobalSection
EndGlobal
