Microsoft Visual Studio Solution File, Format Version 12.00
# Visual Studio Version 17
VisualStudioVersion = 17.5.2.0
MinimumVisualStudioVersion = 10.0.40219.1
Project("{FAE04EC0-301F-11D3-BF4B-00C04F79EFBC}") = "NET10Test", "NET10Test.csproj", "{900FBD83-40E6-DC89-2EEF-67E3ED1CE322}"
EndProject
Global
	GlobalSection(SolutionConfigurationPlatforms) = preSolution
		Debug|Any CPU = Debug|Any CPU
		Release|Any CPU = Release|Any CPU
	EndGlobalSection
	GlobalSection(ProjectConfigurationPlatforms) = postSolution
		{900FBD83-40E6-DC89-2EEF-67E3ED1CE322}.Debug|Any CPU.ActiveCfg = Debug|Any CPU
		{900FBD83-40E6-DC89-2EEF-67E3ED1CE322}.Debug|Any CPU.Build.0 = Debug|Any CPU
		{900FBD83-40E6-DC89-2EEF-67E3ED1CE322}.Release|Any CPU.ActiveCfg = Release|Any CPU
		{900FBD83-40E6-DC89-2EEF-67E3ED1CE322}.Release|Any CPU.Build.0 = Release|Any CPU
	EndGlobalSection
	GlobalSection(SolutionProperties) = preSolution
		HideSolutionNode = FALSE
	EndGlobalSection
	GlobalSection(ExtensibilityGlobals) = postSolution
		SolutionGuid = {EAF2359F-FB74-4E7C-8EBA-20F2A4253CC8}
	EndGlobalSection
EndGlobal
