
Microsoft Visual Studio Solution File, Format Version 12.00
# Visual Studio Version 17
VisualStudioVersion = 17.5.002.0
MinimumVisualStudioVersion = 10.0.40219.1
Project("{9A19103F-16F7-4668-BE54-9A1E7A4F7556}") = "LinqIndex", "LinqIndex.csproj", "{F96B00E9-F016-4C03-AE05-EBFE7CD25373}"
EndProject
Global
	GlobalSection(SolutionConfigurationPlatforms) = preSolution
		Debug|Any CPU = Debug|Any CPU
		Release|Any CPU = Release|Any CPU
	EndGlobalSection
	GlobalSection(ProjectConfigurationPlatforms) = postSolution
		{F96B00E9-F016-4C03-AE05-EBFE7CD25373}.Debug|Any CPU.ActiveCfg = Debug|Any CPU
		{F96B00E9-F016-4C03-AE05-EBFE7CD25373}.Debug|Any CPU.Build.0 = Debug|Any CPU
		{F96B00E9-F016-4C03-AE05-EBFE7CD25373}.Release|Any CPU.ActiveCfg = Release|Any CPU
		{F96B00E9-F016-4C03-AE05-EBFE7CD25373}.Release|Any CPU.Build.0 = Release|Any CPU
	EndGlobalSection
	GlobalSection(SolutionProperties) = preSolution
		HideSolutionNode = FALSE
	EndGlobalSection
	GlobalSection(ExtensibilityGlobals) = postSolution
		SolutionGuid = {EACF3DE8-F104-4C36-9740-7A8E6B085D43}
	EndGlobalSection
EndGlobal
