
Microsoft Visual Studio Solution File, Format Version 12.00
# Visual Studio Version 17
VisualStudioVersion = 17.11.34929.205
MinimumVisualStudioVersion = 10.0.40219.1
Project("{FAE04EC0-301F-11D3-BF4B-00C04F79EFBC}") = "TaskCompletionSourceTest", "TaskCompletionSourceTest\TaskCompletionSourceTest.csproj", "{909D17E5-73D9-4679-A865-70BEB3C20149}"
EndProject
Project("{FAE04EC0-301F-11D3-BF4B-00C04F79EFBC}") = "ConsoleApp1", "ConsoleApp1\ConsoleApp1.csproj", "{F3F64118-A50E-4019-8534-A22DFCC2A18F}"
EndProject
Global
	GlobalSection(SolutionConfigurationPlatforms) = preSolution
		Debug|Any CPU = Debug|Any CPU
		Release|Any CPU = Release|Any CPU
	EndGlobalSection
	GlobalSection(ProjectConfigurationPlatforms) = postSolution
		{909D17E5-73D9-4679-A865-70BEB3C20149}.Debug|Any CPU.ActiveCfg = Debug|Any CPU
		{909D17E5-73D9-4679-A865-70BEB3C20149}.Debug|Any CPU.Build.0 = Debug|Any CPU
		{909D17E5-73D9-4679-A865-70BEB3C20149}.Release|Any CPU.ActiveCfg = Release|Any CPU
		{909D17E5-73D9-4679-A865-70BEB3C20149}.Release|Any CPU.Build.0 = Release|Any CPU
		{F3F64118-A50E-4019-8534-A22DFCC2A18F}.Debug|Any CPU.ActiveCfg = Debug|Any CPU
		{F3F64118-A50E-4019-8534-A22DFCC2A18F}.Debug|Any CPU.Build.0 = Debug|Any CPU
		{F3F64118-A50E-4019-8534-A22DFCC2A18F}.Release|Any CPU.ActiveCfg = Release|Any CPU
		{F3F64118-A50E-4019-8534-A22DFCC2A18F}.Release|Any CPU.Build.0 = Release|Any CPU
	EndGlobalSection
	GlobalSection(SolutionProperties) = preSolution
		HideSolutionNode = FALSE
	EndGlobalSection
	GlobalSection(ExtensibilityGlobals) = postSolution
		SolutionGuid = {4681E2DE-6023-4365-A6C4-4B2875841509}
	EndGlobalSection
EndGlobal
