
Microsoft Visual Studio Solution File, Format Version 12.00
Project("{FAE04EC0-301F-11D3-BF4B-00C04F79EFBC}") = "HybridCacheTest", "HybridCacheTest\HybridCacheTest.csproj", "{0C4B6E97-721E-4010-AC64-AC5574EF2391}"
EndProject
Project("{FAE04EC0-301F-11D3-BF4B-00C04F79EFBC}") = "HybirdCacheVideoTest", "HybirdCacheVideoTest\HybirdCacheVideoTest.csproj", "{BB509CDB-BAED-4E79-A015-1623AC195FA9}"
EndProject
Global
	GlobalSection(SolutionConfigurationPlatforms) = preSolution
		Debug|Any CPU = Debug|Any CPU
		Release|Any CPU = Release|Any CPU
	EndGlobalSection
	GlobalSection(ProjectConfigurationPlatforms) = postSolution
		{0C4B6E97-721E-4010-AC64-AC5574EF2391}.Debug|Any CPU.ActiveCfg = Debug|Any CPU
		{0C4B6E97-721E-4010-AC64-AC5574EF2391}.Debug|Any CPU.Build.0 = Debug|Any CPU
		{0C4B6E97-721E-4010-AC64-AC5574EF2391}.Release|Any CPU.ActiveCfg = Release|Any CPU
		{0C4B6E97-721E-4010-AC64-AC5574EF2391}.Release|Any CPU.Build.0 = Release|Any CPU
		{BB509CDB-BAED-4E79-A015-1623AC195FA9}.Debug|Any CPU.ActiveCfg = Debug|Any CPU
		{BB509CDB-BAED-4E79-A015-1623AC195FA9}.Debug|Any CPU.Build.0 = Debug|Any CPU
		{BB509CDB-BAED-4E79-A015-1623AC195FA9}.Release|Any CPU.ActiveCfg = Release|Any CPU
		{BB509CDB-BAED-4E79-A015-1623AC195FA9}.Release|Any CPU.Build.0 = Release|Any CPU
	EndGlobalSection
EndGlobal
